// !$*UTF8*$!
{
	archiveVersion = 1;
	classes = {
	};
	objectVersion = 50;
	objects = {

/* Begin PBXBuildFile section */
		8E1CDC3920BE8BEC00348511 /* AppDelegate.swift in Sources */ = {isa = PBXBuildFile; fileRef = 8E1CDC3820BE8BEC00348511 /* AppDelegate.swift */; };
		8E1CDC3B20BE8BEC00348511 /* GameVC.swift in Sources */ = {isa = PBXBuildFile; fileRef = 8E1CDC3A20BE8BEC00348511 /* GameVC.swift */; };
		8E1CDC3E20BE8BEC00348511 /* Main.storyboard in Resources */ = {isa = PBXBuildFile; fileRef = 8E1CDC3C20BE8BEC00348511 /* Main.storyboard */; };
		8E1CDC4020BE8BEE00348511 /* Assets.xcassets in Resources */ = {isa = PBXBuildFile; fileRef = 8E1CDC3F20BE8BEE00348511 /* Assets.xcassets */; };
		8E1CDC4320BE8BEE00348511 /* LaunchScreen.storyboard in Resources */ = {isa = PBXBuildFile; fileRef = 8E1CDC4120BE8BEE00348511 /* LaunchScreen.storyboard */; };
		8E1CDC4E20BE8BEE00348511 /* FiveSlowFingersTests.swift in Sources */ = {isa = PBXBuildFile; fileRef = 8E1CDC4D20BE8BEE00348511 /* FiveSlowFingersTests.swift */; };
		8E1CDC5920BE8BEE00348511 /* FiveSlowFingersUITests.swift in Sources */ = {isa = PBXBuildFile; fileRef = 8E1CDC5820BE8BEE00348511 /* FiveSlowFingersUITests.swift */; };
		8E1CDC6720BE903F00348511 /* enWords.txt in Resources */ = {isa = PBXBuildFile; fileRef = 8E1CDC6620BE903F00348511 /* enWords.txt */; };
		8ED5BD0A20BF0B5C008F7E5A /* ResultVC.swift in Sources */ = {isa = PBXBuildFile; fileRef = 8ED5BD0920BF0B5C008F7E5A /* ResultVC.swift */; };
		8EE3523820C1C687001D428C /* rusWords.txt in Resources */ = {isa = PBXBuildFile; fileRef = 8EE3523720C1C687001D428C /* rusWords.txt */; };
		8EE3523A20C1CC99001D428C /* MainVC.swift in Sources */ = {isa = PBXBuildFile; fileRef = 8EE3523920C1CC99001D428C /* MainVC.swift */; };
		8EE3524120C1E353001D428C /* Bebas-Book.ttf in Resources */ = {isa = PBXBuildFile; fileRef = 8EE3523C20C1E352001D428C /* Bebas-Book.ttf */; };
		8EE3524220C1E353001D428C /* Bebas-Regular.ttf in Resources */ = {isa = PBXBuildFile; fileRef = 8EE3523D20C1E352001D428C /* Bebas-Regular.ttf */; };
		8EE3524320C1E353001D428C /* Bebas-Bold.ttf in Resources */ = {isa = PBXBuildFile; fileRef = 8EE3523E20C1E352001D428C /* Bebas-Bold.ttf */; };
		8EE3524420C1E353001D428C /* Bebas-Light.ttf in Resources */ = {isa = PBXBuildFile; fileRef = 8EE3523F20C1E352001D428C /* Bebas-Light.ttf */; };
		8EE3524520C1E353001D428C /* Bebas-Thin.ttf in Resources */ = {isa = PBXBuildFile; fileRef = 8EE3524020C1E353001D428C /* Bebas-Thin.ttf */; };
/* End PBXBuildFile section */

/* Begin PBXContainerItemProxy section */
		8E1CDC4A20BE8BEE00348511 /* PBXContainerItemProxy */ = {
			isa = PBXContainerItemProxy;
			containerPortal = 8E1CDC2D20BE8BEC00348511 /* Project object */;
			proxyType = 1;
			remoteGlobalIDString = 8E1CDC3420BE8BEC00348511;
			remoteInfo = FiveSlowFingers;
		};
		8E1CDC5520BE8BEE00348511 /* PBXContainerItemProxy */ = {
			isa = PBXContainerItemProxy;
			containerPortal = 8E1CDC2D20BE8BEC00348511 /* Project object */;
			proxyType = 1;
			remoteGlobalIDString = 8E1CDC3420BE8BEC00348511;
			remoteInfo = FiveSlowFingers;
		};
/* End PBXContainerItemProxy section */

/* Begin PBXFileReference section */
		8E1CDC3520BE8BEC00348511 /* FiveSlowFingers.app */ = {isa = PBXFileReference; explicitFileType = wrapper.application; includeInIndex = 0; path = FiveSlowFingers.app; sourceTree = BUILT_PRODUCTS_DIR; };
		8E1CDC3820BE8BEC00348511 /* AppDelegate.swift */ = {isa = PBXFileReference; lastKnownFileType = sourcecode.swift; path = AppDelegate.swift; sourceTree = "<group>"; };
		8E1CDC3A20BE8BEC00348511 /* GameVC.swift */ = {isa = PBXFileReference; lastKnownFileType = sourcecode.swift; path = GameVC.swift; sourceTree = "<group>"; };
		8E1CDC3D20BE8BEC00348511 /* Base */ = {isa = PBXFileReference; lastKnownFileType = file.storyboard; name = Base; path = Base.lproj/Main.storyboard; sourceTree = "<group>"; };
		8E1CDC3F20BE8BEE00348511 /* Assets.xcassets */ = {isa = PBXFileReference; lastKnownFileType = folder.assetcatalog; path = Assets.xcassets; sourceTree = "<group>"; };
		8E1CDC4220BE8BEE00348511 /* Base */ = {isa = PBXFileReference; lastKnownFileType = file.storyboard; name = Base; path = Base.lproj/LaunchScreen.storyboard; sourceTree = "<group>"; };
		8E1CDC4420BE8BEE00348511 /* Info.plist */ = {isa = PBXFileReference; lastKnownFileType = text.plist.xml; path = Info.plist; sourceTree = "<group>"; };
		8E1CDC4920BE8BEE00348511 /* FiveSlowFingersTests.xctest */ = {isa = PBXFileReference; explicitFileType = wrapper.cfbundle; includeInIndex = 0; path = FiveSlowFingersTests.xctest; sourceTree = BUILT_PRODUCTS_DIR; };
		8E1CDC4D20BE8BEE00348511 /* FiveSlowFingersTests.swift */ = {isa = PBXFileReference; lastKnownFileType = sourcecode.swift; path = FiveSlowFingersTests.swift; sourceTree = "<group>"; };
		8E1CDC4F20BE8BEE00348511 /* Info.plist */ = {isa = PBXFileReference; lastKnownFileType = text.plist.xml; path = Info.plist; sourceTree = "<group>"; };
		8E1CDC5420BE8BEE00348511 /* FiveSlowFingersUITests.xctest */ = {isa = PBXFileReference; explicitFileType = wrapper.cfbundle; includeInIndex = 0; path = FiveSlowFingersUITests.xctest; sourceTree = BUILT_PRODUCTS_DIR; };
		8E1CDC5820BE8BEE00348511 /* FiveSlowFingersUITests.swift */ = {isa = PBXFileReference; lastKnownFileType = sourcecode.swift; path = FiveSlowFingersUITests.swift; sourceTree = "<group>"; };
		8E1CDC5A20BE8BEE00348511 /* Info.plist */ = {isa = PBXFileReference; lastKnownFileType = text.plist.xml; path = Info.plist; sourceTree = "<group>"; };
		8E1CDC6620BE903F00348511 /* enWords.txt */ = {isa = PBXFileReference; lastKnownFileType = text; path = enWords.txt; sourceTree = "<group>"; };
		8ED5BD0920BF0B5C008F7E5A /* ResultVC.swift */ = {isa = PBXFileReference; lastKnownFileType = sourcecode.swift; path = ResultVC.swift; sourceTree = "<group>"; };
		8EE3523720C1C687001D428C /* rusWords.txt */ = {isa = PBXFileReference; fileEncoding = 4; lastKnownFileType = text; path = rusWords.txt; sourceTree = "<group>"; };
		8EE3523920C1CC99001D428C /* MainVC.swift */ = {isa = PBXFileReference; lastKnownFileType = sourcecode.swift; path = MainVC.swift; sourceTree = "<group>"; };
		8EE3523C20C1E352001D428C /* Bebas-Book.ttf */ = {isa = PBXFileReference; lastKnownFileType = file; path = "Bebas-Book.ttf"; sourceTree = "<group>"; };
		8EE3523D20C1E352001D428C /* Bebas-Regular.ttf */ = {isa = PBXFileReference; lastKnownFileType = file; path = "Bebas-Regular.ttf"; sourceTree = "<group>"; };
		8EE3523E20C1E352001D428C /* Bebas-Bold.ttf */ = {isa = PBXFileReference; lastKnownFileType = file; path = "Bebas-Bold.ttf"; sourceTree = "<group>"; };
		8EE3523F20C1E352001D428C /* Bebas-Light.ttf */ = {isa = PBXFileReference; lastKnownFileType = file; path = "Bebas-Light.ttf"; sourceTree = "<group>"; };
		8EE3524020C1E353001D428C /* Bebas-Thin.ttf */ = {isa = PBXFileReference; lastKnownFileType = file; path = "Bebas-Thin.ttf"; sourceTree = "<group>"; };
/* End PBXFileReference section */

/* Begin PBXFrameworksBuildPhase section */
		8E1CDC3220BE8BEC00348511 /* Frameworks */ = {
			isa = PBXFrameworksBuildPhase;
			buildActionMask = 2147483647;
			files = (
			);
			runOnlyForDeploymentPostprocessing = 0;
		};
		8E1CDC4620BE8BEE00348511 /* Frameworks */ = {
			isa = PBXFrameworksBuildPhase;
			buildActionMask = 2147483647;
			files = (
			);
			runOnlyForDeploymentPostprocessing = 0;
		};
		8E1CDC5120BE8BEE00348511 /* Frameworks */ = {
			isa = PBXFrameworksBuildPhase;
			buildActionMask = 2147483647;
			files = (
			);
			runOnlyForDeploymentPostprocessing = 0;
		};
/* End PBXFrameworksBuildPhase section */

/* Begin PBXGroup section */
		8E1CDC2C20BE8BEC00348511 = {
			isa = PBXGroup;
			children = (
				8E1CDC3720BE8BEC00348511 /* FiveSlowFingers */,
				8E1CDC4C20BE8BEE00348511 /* FiveSlowFingersTests */,
				8E1CDC5720BE8BEE00348511 /* FiveSlowFingersUITests */,
				8E1CDC3620BE8BEC00348511 /* Products */,
			);
			sourceTree = "<group>";
		};
		8E1CDC3620BE8BEC00348511 /* Products */ = {
			isa = PBXGroup;
			children = (
				8E1CDC3520BE8BEC00348511 /* FiveSlowFingers.app */,
				8E1CDC4920BE8BEE00348511 /* FiveSlowFingersTests.xctest */,
				8E1CDC5420BE8BEE00348511 /* FiveSlowFingersUITests.xctest */,
			);
			name = Products;
			sourceTree = "<group>";
		};
		8E1CDC3720BE8BEC00348511 /* FiveSlowFingers */ = {
			isa = PBXGroup;
			children = (
				8E1CDC3C20BE8BEC00348511 /* Main.storyboard */,
				8EE3523920C1CC99001D428C /* MainVC.swift */,
				8E1CDC3A20BE8BEC00348511 /* GameVC.swift */,
				8ED5BD0920BF0B5C008F7E5A /* ResultVC.swift */,
				8E1CDC3F20BE8BEE00348511 /* Assets.xcassets */,
				8E1CDC6820BE905600348511 /* SupportingFiles */,
			);
			path = FiveSlowFingers;
			sourceTree = "<group>";
		};
		8E1CDC4C20BE8BEE00348511 /* FiveSlowFingersTests */ = {
			isa = PBXGroup;
			children = (
				8E1CDC4D20BE8BEE00348511 /* FiveSlowFingersTests.swift */,
				8E1CDC4F20BE8BEE00348511 /* Info.plist */,
			);
			path = FiveSlowFingersTests;
			sourceTree = "<group>";
		};
		8E1CDC5720BE8BEE00348511 /* FiveSlowFingersUITests */ = {
			isa = PBXGroup;
			children = (
				8E1CDC5820BE8BEE00348511 /* FiveSlowFingersUITests.swift */,
				8E1CDC5A20BE8BEE00348511 /* Info.plist */,
			);
			path = FiveSlowFingersUITests;
			sourceTree = "<group>";
		};
		8E1CDC6820BE905600348511 /* SupportingFiles */ = {
			isa = PBXGroup;
			children = (
				8E1CDC3820BE8BEC00348511 /* AppDelegate.swift */,
				8E1CDC4120BE8BEE00348511 /* LaunchScreen.storyboard */,
				8E1CDC4420BE8BEE00348511 /* Info.plist */,
				8EE3524620C1E359001D428C /* Fonts */,
				8EE3523B20C1E331001D428C /* Words */,
			);
			path = SupportingFiles;
			sourceTree = "<group>";
		};
		8EE3523B20C1E331001D428C /* Words */ = {
			isa = PBXGroup;
			children = (
				8E1CDC6620BE903F00348511 /* enWords.txt */,
				8EE3523720C1C687001D428C /* rusWords.txt */,
			);
			path = Words;
			sourceTree = "<group>";
		};
		8EE3524620C1E359001D428C /* Fonts */ = {
			isa = PBXGroup;
			children = (
				8EE3523E20C1E352001D428C /* Bebas-Bold.ttf */,
				8EE3523C20C1E352001D428C /* Bebas-Book.ttf */,
				8EE3523F20C1E352001D428C /* Bebas-Light.ttf */,
				8EE3523D20C1E352001D428C /* Bebas-Regular.ttf */,
				8EE3524020C1E353001D428C /* Bebas-Thin.ttf */,
			);
			path = Fonts;
			sourceTree = "<group>";
		};
/* End PBXGroup section */

/* Begin PBXNativeTarget section */
		8E1CDC3420BE8BEC00348511 /* FiveSlowFingers */ = {
			isa = PBXNativeTarget;
			buildConfigurationList = 8E1CDC5D20BE8BEE00348511 /* Build configuration list for PBXNativeTarget "FiveSlowFingers" */;
			buildPhases = (
				8E1CDC3120BE8BEC00348511 /* Sources */,
				8E1CDC3220BE8BEC00348511 /* Frameworks */,
				8E1CDC3320BE8BEC00348511 /* Resources */,
			);
			buildRules = (
			);
			dependencies = (
			);
			name = FiveSlowFingers;
			productName = FiveSlowFingers;
			productReference = 8E1CDC3520BE8BEC00348511 /* FiveSlowFingers.app */;
			productType = "com.apple.product-type.application";
		};
		8E1CDC4820BE8BEE00348511 /* FiveSlowFingersTests */ = {
			isa = PBXNativeTarget;
			buildConfigurationList = 8E1CDC6020BE8BEE00348511 /* Build configuration list for PBXNativeTarget "FiveSlowFingersTests" */;
			buildPhases = (
				8E1CDC4520BE8BEE00348511 /* Sources */,
				8E1CDC4620BE8BEE00348511 /* Frameworks */,
				8E1CDC4720BE8BEE00348511 /* Resources */,
			);
			buildRules = (
			);
			dependencies = (
				8E1CDC4B20BE8BEE00348511 /* PBXTargetDependency */,
			);
			name = FiveSlowFingersTests;
			productName = FiveSlowFingersTests;
			productReference = 8E1CDC4920BE8BEE00348511 /* FiveSlowFingersTests.xctest */;
			productType = "com.apple.product-type.bundle.unit-test";
		};
		8E1CDC5320BE8BEE00348511 /* FiveSlowFingersUITests */ = {
			isa = PBXNativeTarget;
			buildConfigurationList = 8E1CDC6320BE8BEE00348511 /* Build configuration list for PBXNativeTarget "FiveSlowFingersUITests" */;
			buildPhases = (
				8E1CDC5020BE8BEE00348511 /* Sources */,
				8E1CDC5120BE8BEE00348511 /* Frameworks */,
				8E1CDC5220BE8BEE00348511 /* Resources */,
			);
			buildRules = (
			);
			dependencies = (
				8E1CDC5620BE8BEE00348511 /* PBXTargetDependency */,
			);
			name = FiveSlowFingersUITests;
			productName = FiveSlowFingersUITests;
			productReference = 8E1CDC5420BE8BEE00348511 /* FiveSlowFingersUITests.xctest */;
			productType = "com.apple.product-type.bundle.ui-testing";
		};
/* End PBXNativeTarget section */

/* Begin PBXProject section */
		8E1CDC2D20BE8BEC00348511 /* Project object */ = {
			isa = PBXProject;
			attributes = {
				LastSwiftUpdateCheck = 0930;
				LastUpgradeCheck = 0930;
				ORGANIZATIONNAME = fsociety.1;
				TargetAttributes = {
					8E1CDC3420BE8BEC00348511 = {
						CreatedOnToolsVersion = 9.3;
					};
					8E1CDC4820BE8BEE00348511 = {
						CreatedOnToolsVersion = 9.3;
						TestTargetID = 8E1CDC3420BE8BEC00348511;
					};
					8E1CDC5320BE8BEE00348511 = {
						CreatedOnToolsVersion = 9.3;
						TestTargetID = 8E1CDC3420BE8BEC00348511;
					};
				};
			};
			buildConfigurationList = 8E1CDC3020BE8BEC00348511 /* Build configuration list for PBXProject "FiveSlowFingers" */;
			compatibilityVersion = "Xcode 9.3";
			developmentRegion = en;
			hasScannedForEncodings = 0;
			knownRegions = (
				en,
				Base,
			);
			mainGroup = 8E1CDC2C20BE8BEC00348511;
			productRefGroup = 8E1CDC3620BE8BEC00348511 /* Products */;
			projectDirPath = "";
			projectRoot = "";
			targets = (
				8E1CDC3420BE8BEC00348511 /* FiveSlowFingers */,
				8E1CDC4820BE8BEE00348511 /* FiveSlowFingersTests */,
				8E1CDC5320BE8BEE00348511 /* FiveSlowFingersUITests */,
			);
		};
/* End PBXProject section */

/* Begin PBXResourcesBuildPhase section */
		8E1CDC3320BE8BEC00348511 /* Resources */ = {
			isa = PBXResourcesBuildPhase;
			buildActionMask = 2147483647;
			files = (
				8EE3523820C1C687001D428C /* rusWords.txt in Resources */,
				8EE3524420C1E353001D428C /* Bebas-Light.ttf in Resources */,
				8EE3524220C1E353001D428C /* Bebas-Regular.ttf in Resources */,
				8E1CDC6720BE903F00348511 /* enWords.txt in Resources */,
				8E1CDC4320BE8BEE00348511 /* LaunchScreen.storyboard in Resources */,
				8EE3524520C1E353001D428C /* Bebas-Thin.ttf in Resources */,
				8EE3524120C1E353001D428C /* Bebas-Book.ttf in Resources */,
				8EE3524320C1E353001D428C /* Bebas-Bold.ttf in Resources */,
				8E1CDC4020BE8BEE00348511 /* Assets.xcassets in Resources */,
				8E1CDC3E20BE8BEC00348511 /* Main.storyboard in Resources */,
			);
			runOnlyForDeploymentPostprocessing = 0;
		};
		8E1CDC4720BE8BEE00348511 /* Resources */ = {
			isa = PBXResourcesBuildPhase;
			buildActionMask = 2147483647;
			files = (
			);
			runOnlyForDeploymentPostprocessing = 0;
		};
		8E1CDC5220BE8BEE00348511 /* Resources */ = {
			isa = PBXResourcesBuildPhase;
			buildActionMask = 2147483647;
			files = (
			);
			runOnlyForDeploymentPostprocessing = 0;
		};
/* End PBXResourcesBuildPhase section */

/* Begin PBXSourcesBuildPhase section */
		8E1CDC3120BE8BEC00348511 /* Sources */ = {
			isa = PBXSourcesBuildPhase;
			buildActionMask = 2147483647;
			files = (
				8E1CDC3B20BE8BEC00348511 /* GameVC.swift in Sources */,
				8EE3523A20C1CC99001D428C /* MainVC.swift in Sources */,
				8ED5BD0A20BF0B5C008F7E5A /* ResultVC.swift in Sources */,
				8E1CDC3920BE8BEC00348511 /* AppDelegate.swift in Sources */,
			);
			runOnlyForDeploymentPostprocessing = 0;
		};
		8E1CDC4520BE8BEE00348511 /* Sources */ = {
			isa = PBXSourcesBuildPhase;
			buildActionMask = 2147483647;
			files = (
				8E1CDC4E20BE8BEE00348511 /* FiveSlowFingersTests.swift in Sources */,
			);
			runOnlyForDeploymentPostprocessing = 0;
		};
		8E1CDC5020BE8BEE00348511 /* Sources */ = {
			isa = PBXSourcesBuildPhase;
			buildActionMask = 2147483647;
			files = (
				8E1CDC5920BE8BEE00348511 /* FiveSlowFingersUITests.swift in Sources */,
			);
			runOnlyForDeploymentPostprocessing = 0;
		};
/* End PBXSourcesBuildPhase section */

/* Begin PBXTargetDependency section */
		8E1CDC4B20BE8BEE00348511 /* PBXTargetDependency */ = {
			isa = PBXTargetDependency;
			target = 8E1CDC3420BE8BEC00348511 /* FiveSlowFingers */;
			targetProxy = 8E1CDC4A20BE8BEE00348511 /* PBXContainerItemProxy */;
		};
		8E1CDC5620BE8BEE00348511 /* PBXTargetDependency */ = {
			isa = PBXTargetDependency;
			target = 8E1CDC3420BE8BEC00348511 /* FiveSlowFingers */;
			targetProxy = 8E1CDC5520BE8BEE00348511 /* PBXContainerItemProxy */;
		};
/* End PBXTargetDependency section */

/* Begin PBXVariantGroup section */
		8E1CDC3C20BE8BEC00348511 /* Main.storyboard */ = {
			isa = PBXVariantGroup;
			children = (
				8E1CDC3D20BE8BEC00348511 /* Base */,
			);
			name = Main.storyboard;
			sourceTree = "<group>";
		};
		8E1CDC4120BE8BEE00348511 /* LaunchScreen.storyboard */ = {
			isa = PBXVariantGroup;
			children = (
				8E1CDC4220BE8BEE00348511 /* Base */,
			);
			name = LaunchScreen.storyboard;
			sourceTree = "<group>";
		};
/* End PBXVariantGroup section */

/* Begin XCBuildConfiguration section */
		8E1CDC5B20BE8BEE00348511 /* Debug */ = {
			isa = XCBuildConfiguration;
			buildSettings = {
				ALWAYS_SEARCH_USER_PATHS = NO;
				CLANG_ANALYZER_NONNULL = YES;
				CLANG_ANALYZER_NUMBER_OBJECT_CONVERSION = YES_AGGRESSIVE;
				CLANG_CXX_LANGUAGE_STANDARD = "gnu++14";
				CLANG_CXX_LIBRARY = "libc++";
				CLANG_ENABLE_MODULES = YES;
				CLANG_ENABLE_OBJC_ARC = YES;
				CLANG_ENABLE_OBJC_WEAK = YES;
				CLANG_WARN_BLOCK_CAPTURE_AUTORELEASING = YES;
				CLANG_WARN_BOOL_CONVERSION = YES;
				CLANG_WARN_COMMA = YES;
				CLANG_WARN_CONSTANT_CONVERSION = YES;
				CLANG_WARN_DEPRECATED_OBJC_IMPLEMENTATIONS = YES;
				CLANG_WARN_DIRECT_OBJC_ISA_USAGE = YES_ERROR;
				CLANG_WARN_DOCUMENTATION_COMMENTS = YES;
				CLANG_WARN_EMPTY_BODY = YES;
				CLANG_WARN_ENUM_CONVERSION = YES;
				CLANG_WARN_INFINITE_RECURSION = YES;
				CLANG_WARN_INT_CONVERSION = YES;
				CLANG_WARN_NON_LITERAL_NULL_CONVERSION = YES;
				CLANG_WARN_OBJC_IMPLICIT_RETAIN_SELF = YES;
				CLANG_WARN_OBJC_LITERAL_CONVERSION = YES;
				CLANG_WARN_OBJC_ROOT_CLASS = YES_ERROR;
				CLANG_WARN_RANGE_LOOP_ANALYSIS = YES;
				CLANG_WARN_STRICT_PROTOTYPES = YES;
				CLANG_WARN_SUSPICIOUS_MOVE = YES;
				CLANG_WARN_UNGUARDED_AVAILABILITY = YES_AGGRESSIVE;
				CLANG_WARN_UNREACHABLE_CODE = YES;
				CLANG_WARN__DUPLICATE_METHOD_MATCH = YES;
				CODE_SIGN_IDENTITY = "iPhone Developer";
				COPY_PHASE_STRIP = NO;
				DEBUG_INFORMATION_FORMAT = dwarf;
				ENABLE_STRICT_OBJC_MSGSEND = YES;
				ENABLE_TESTABILITY = YES;
				GCC_C_LANGUAGE_STANDARD = gnu11;
				GCC_DYNAMIC_NO_PIC = NO;
				GCC_NO_COMMON_BLOCKS = YES;
				GCC_OPTIMIZATION_LEVEL = 0;
				GCC_PREPROCESSOR_DEFINITIONS = (
					"DEBUG=1",
					"$(inherited)",
				);
				GCC_WARN_64_TO_32_BIT_CONVERSION = YES;
				GCC_WARN_ABOUT_RETURN_TYPE = YES_ERROR;
				GCC_WARN_UNDECLARED_SELECTOR = YES;
				GCC_WARN_UNINITIALIZED_AUTOS = YES_AGGRESSIVE;
				GCC_WARN_UNUSED_FUNCTION = YES;
				GCC_WARN_UNUSED_VARIABLE = YES;
				IPHONEOS_DEPLOYMENT_TARGET = 11.3;
				MTL_ENABLE_DEBUG_INFO = YES;
				ONLY_ACTIVE_ARCH = YES;
				SDKROOT = iphoneos;
				SWIFT_ACTIVE_COMPILATION_CONDITIONS = DEBUG;
				SWIFT_OPTIMIZATION_LEVEL = "-Onone";
			};
			name = Debug;
		};
		8E1CDC5C20BE8BEE00348511 /* Release */ = {
			isa = XCBuildConfiguration;
			buildSettings = {
				ALWAYS_SEARCH_USER_PATHS = NO;
				CLANG_ANALYZER_NONNULL = YES;
				CLANG_ANALYZER_NUMBER_OBJECT_CONVERSION = YES_AGGRESSIVE;
				CLANG_CXX_LANGUAGE_STANDARD = "gnu++14";
				CLANG_CXX_LIBRARY = "libc++";
				CLANG_ENABLE_MODULES = YES;
				CLANG_ENABLE_OBJC_ARC = YES;
				CLANG_ENABLE_OBJC_WEAK = YES;
				CLANG_WARN_BLOCK_CAPTURE_AUTORELEASING = YES;
				CLANG_WARN_BOOL_CONVERSION = YES;
				CLANG_WARN_COMMA = YES;
				CLANG_WARN_CONSTANT_CONVERSION = YES;
				CLANG_WARN_DEPRECATED_OBJC_IMPLEMENTATIONS = YES;
				CLANG_WARN_DIRECT_OBJC_ISA_USAGE = YES_ERROR;
				CLANG_WARN_DOCUMENTATION_COMMENTS = YES;
				CLANG_WARN_EMPTY_BODY = YES;
				CLANG_WARN_ENUM_CONVERSION = YES;
				CLANG_WARN_INFINITE_RECURSION = YES;
				CLANG_WARN_INT_CONVERSION = YES;
				CLANG_WARN_NON_LITERAL_NULL_CONVERSION = YES;
				CLANG_WARN_OBJC_IMPLICIT_RETAIN_SELF = YES;
				CLANG_WARN_OBJC_LITERAL_CONVERSION = YES;
				CLANG_WARN_OBJC_ROOT_CLASS = YES_ERROR;
				CLANG_WARN_RANGE_LOOP_ANALYSIS = YES;
				CLANG_WARN_STRICT_PROTOTYPES = YES;
				CLANG_WARN_SUSPICIOUS_MOVE = YES;
				CLANG_WARN_UNGUARDED_AVAILABILITY = YES_AGGRESSIVE;
				CLANG_WARN_UNREACHABLE_CODE = YES;
				CLANG_WARN__DUPLICATE_METHOD_MATCH = YES;
				CODE_SIGN_IDENTITY = "iPhone Developer";
				COPY_PHASE_STRIP = NO;
				DEBUG_INFORMATION_FORMAT = "dwarf-with-dsym";
				ENABLE_NS_ASSERTIONS = NO;
				ENABLE_STRICT_OBJC_MSGSEND = YES;
				GCC_C_LANGUAGE_STANDARD = gnu11;
				GCC_NO_COMMON_BLOCKS = YES;
				GCC_WARN_64_TO_32_BIT_CONVERSION = YES;
				GCC_WARN_ABOUT_RETURN_TYPE = YES_ERROR;
				GCC_WARN_UNDECLARED_SELECTOR = YES;
				GCC_WARN_UNINITIALIZED_AUTOS = YES_AGGRESSIVE;
				GCC_WARN_UNUSED_FUNCTION = YES;
				GCC_WARN_UNUSED_VARIABLE = YES;
				IPHONEOS_DEPLOYMENT_TARGET = 11.3;
				MTL_ENABLE_DEBUG_INFO = NO;
				SDKROOT = iphoneos;
				SWIFT_COMPILATION_MODE = wholemodule;
				SWIFT_OPTIMIZATION_LEVEL = "-O";
				VALIDATE_PRODUCT = YES;
			};
			name = Release;
		};
		8E1CDC5E20BE8BEE00348511 /* Debug */ = {
			isa = XCBuildConfiguration;
			buildSettings = {
				ASSETCATALOG_COMPILER_APPICON_NAME = AppIcon;
				CODE_SIGN_IDENTITY = "iPhone Developer";
				CODE_SIGN_STYLE = Automatic;
				DEVELOPMENT_TEAM = 86R6TV7GW4;
				INFOPLIST_FILE = "$(SRCROOT)/FiveSlowFingers/SupportingFiles/Info.plist";
				IPHONEOS_DEPLOYMENT_TARGET = 10.0;
				LD_RUNPATH_SEARCH_PATHS = (
					"$(inherited)",
					"@executable_path/Frameworks",
				);
				PRODUCT_BUNDLE_IDENTIFIER = com.fsociety1.FiveSlowFingers;
				PRODUCT_NAME = "$(TARGET_NAME)";
				PROVISIONING_PROFILE_SPECIFIER = "";
				SWIFT_VERSION = 4.0;
				TARGETED_DEVICE_FAMILY = "1,2";
			};
			name = Debug;
		};
		8E1CDC5F20BE8BEE00348511 /* Release */ = {
			isa = XCBuildConfiguration;
			buildSettings = {
				ASSETCATALOG_COMPILER_APPICON_NAME = AppIcon;
				CODE_SIGN_IDENTITY = "iPhone Developer";
				CODE_SIGN_STYLE = Automatic;
				DEVELOPMENT_TEAM = 86R6TV7GW4;
				INFOPLIST_FILE = "$(SRCROOT)/FiveSlowFingers/SupportingFiles/Info.plist";
				IPHONEOS_DEPLOYMENT_TARGET = 10.0;
				LD_RUNPATH_SEARCH_PATHS = (
					"$(inherited)",
					"@executable_path/Frameworks",
				);
				PRODUCT_BUNDLE_IDENTIFIER = com.fsociety1.FiveSlowFingers;
				PRODUCT_NAME = "$(TARGET_NAME)";
				PROVISIONING_PROFILE_SPECIFIER = "";
				SWIFT_VERSION = 4.0;
				TARGETED_DEVICE_FAMILY = "1,2";
			};
			name = Release;
		};
		8E1CDC6120BE8BEE00348511 /* Debug */ = {
			isa = XCBuildConfiguration;
			buildSettings = {
				ALWAYS_EMBED_SWIFT_STANDARD_LIBRARIES = YES;
				BUNDLE_LOADER = "$(TEST_HOST)";
				CODE_SIGN_STYLE = Automatic;
				DEVELOPMENT_TEAM = 86R6TV7GW4;
				INFOPLIST_FILE = FiveSlowFingersTests/Info.plist;
				LD_RUNPATH_SEARCH_PATHS = (
					"$(inherited)",
					"@executable_path/Frameworks",
					"@loader_path/Frameworks",
				);
				PRODUCT_BUNDLE_IDENTIFIER = com.fsociety1.FiveSlowFingersTests;
				PRODUCT_NAME = "$(TARGET_NAME)";
				SWIFT_VERSION = 4.0;
				TARGETED_DEVICE_FAMILY = "1,2";
				TEST_HOST = "$(BUILT_PRODUCTS_DIR)/FiveSlowFingers.app/FiveSlowFingers";
			};
			name = Debug;
		};
		8E1CDC6220BE8BEE00348511 /* Release */ = {
			isa = XCBuildConfiguration;
			buildSettings = {
				ALWAYS_EMBED_SWIFT_STANDARD_LIBRARIES = YES;
				BUNDLE_LOADER = "$(TEST_HOST)";
				CODE_SIGN_STYLE = Automatic;
				DEVELOPMENT_TEAM = 86R6TV7GW4;
				INFOPLIST_FILE = FiveSlowFingersTests/Info.plist;
				LD_RUNPATH_SEARCH_PATHS = (
					"$(inherited)",
					"@executable_path/Frameworks",
					"@loader_path/Frameworks",
				);
				PRODUCT_BUNDLE_IDENTIFIER = com.fsociety1.FiveSlowFingersTests;
				PRODUCT_NAME = "$(TARGET_NAME)";
				SWIFT_VERSION = 4.0;
				TARGETED_DEVICE_FAMILY = "1,2";
				TEST_HOST = "$(BUILT_PRODUCTS_DIR)/FiveSlowFingers.app/FiveSlowFingers";
			};
			name = Release;
		};
		8E1CDC6420BE8BEE00348511 /* Debug */ = {
			isa = XCBuildConfiguration;
			buildSettings = {
				ALWAYS_EMBED_SWIFT_STANDARD_LIBRARIES = YES;
				CODE_SIGN_STYLE = Automatic;
				DEVELOPMENT_TEAM = 86R6TV7GW4;
				INFOPLIST_FILE = FiveSlowFingersUITests/Info.plist;
				LD_RUNPATH_SEARCH_PATHS = (
					"$(inherited)",
					"@executable_path/Frameworks",
					"@loader_path/Frameworks",
				);
				PRODUCT_BUNDLE_IDENTIFIER = com.fsociety1.FiveSlowFingersUITests;
				PRODUCT_NAME = "$(TARGET_NAME)";
				SWIFT_VERSION = 4.0;
				TARGETED_DEVICE_FAMILY = "1,2";
				TEST_TARGET_NAME = FiveSlowFingers;
			};
			name = Debug;
		};
		8E1CDC6520BE8BEE00348511 /* Release */ = {
			isa = XCBuildConfiguration;
			buildSettings = {
				ALWAYS_EMBED_SWIFT_STANDARD_LIBRARIES = YES;
				CODE_SIGN_STYLE = Automatic;
				DEVELOPMENT_TEAM = 86R6TV7GW4;
				INFOPLIST_FILE = FiveSlowFingersUITests/Info.plist;
				LD_RUNPATH_SEARCH_PATHS = (
					"$(inherited)",
					"@executable_path/Frameworks",
					"@loader_path/Frameworks",
				);
				PRODUCT_BUNDLE_IDENTIFIER = com.fsociety1.FiveSlowFingersUITests;
				PRODUCT_NAME = "$(TARGET_NAME)";
				SWIFT_VERSION = 4.0;
				TARGETED_DEVICE_FAMILY = "1,2";
				TEST_TARGET_NAME = FiveSlowFingers;
			};
			name = Release;
		};
/* End XCBuildConfiguration section */

/* Begin XCConfigurationList section */
		8E1CDC3020BE8BEC00348511 /* Build configuration list for PBXProject "FiveSlowFingers" */ = {
			isa = XCConfigurationList;
			buildConfigurations = (
				8E1CDC5B20BE8BEE00348511 /* Debug */,
				8E1CDC5C20BE8BEE00348511 /* Release */,
			);
			defaultConfigurationIsVisible = 0;
			defaultConfigurationName = Release;
		};
		8E1CDC5D20BE8BEE00348511 /* Build configuration list for PBXNativeTarget "FiveSlowFingers" */ = {
			isa = XCConfigurationList;
			buildConfigurations = (
				8E1CDC5E20BE8BEE00348511 /* Debug */,
				8E1CDC5F20BE8BEE00348511 /* Release */,
			);
			defaultConfigurationIsVisible = 0;
			defaultConfigurationName = Release;
		};
		8E1CDC6020BE8BEE00348511 /* Build configuration list for PBXNativeTarget "FiveSlowFingersTests" */ = {
			isa = XCConfigurationList;
			buildConfigurations = (
				8E1CDC6120BE8BEE00348511 /* Debug */,
				8E1CDC6220BE8BEE00348511 /* Release */,
			);
			defaultConfigurationIsVisible = 0;
			defaultConfigurationName = Release;
		};
		8E1CDC6320BE8BEE00348511 /* Build configuration list for PBXNativeTarget "FiveSlowFingersUITests" */ = {
			isa = XCConfigurationList;
			buildConfigurations = (
				8E1CDC6420BE8BEE00348511 /* Debug */,
				8E1CDC6520BE8BEE00348511 /* Release */,
			);
			defaultConfigurationIsVisible = 0;
			defaultConfigurationName = Release;
		};
/* End XCConfigurationList section */
	};
	rootObject = 8E1CDC2D20BE8BEC00348511 /* Project object */;
}
